hash: 8fdab387020ceb4e1d0116a95b8f1a4b8cb014ff3959bc2c3297da1fde3bb21c
updated: 2016-08-05T11:20:26.773705469+01:00
imports:
- name: github.com/cloudfoundry-incubator/candiedyaml
  version: 99c3df83b51532e3615f851d8c2dbb638f5313bf
- name: github.com/coreos/etcd
  version: 7ed8a133d2804385eba5d3d3704f549a4d210b83
  subpackages:
  - client
  - pkg/transport
  - pkg/pathutil
  - pkg/types
  - pkg/fileutil
  - pkg/tlsutil
- name: github.com/coreos/go-systemd
  version: fa8411dcbcbad22b8542b0433914ef68b123f989
  subpackages:
  - journal
- name: github.com/coreos/pkg
  version: 3ac0863d7acf3bc44daf49afef8919af12f704ef
  subpackages:
  - capnslog
- name: github.com/docopt/docopt-go
  version: 784ddc588536785e7299f7272f39101f7faccc3f
- name: github.com/ghodss/yaml
  version: aa0c862057666179de291b67d9f093d12b5a8473
- name: github.com/golang/glog
  version: 23def4e6c14b4da8ac2ed8007337bc5eb5007998
- name: github.com/kelseyhightower/envconfig
  version: 91921eb4cf999321cdbeebdba5a03555800d493b
- name: github.com/ugorji/go
  version: 3487a5545b3d480987dfb0492035299077fab33a
  subpackages:
  - codec
- name: golang.org/x/net
  version: 7c62cfdcccc65f87b0120ec841012ba816fc1aec
  subpackages:
  - context
- name: gopkg.in/go-playground/validator.v8
  version: 5f57d2222ad794d0dffb07e664ea05e2ee07d60c
- name: gopkg.in/tchap/go-patricia.v2
  version: 0d76659452e3b71b109c45196b32e662db2ad16a
  subpackages:
  - patricia
testImports: []
